
Microsoft Visual Studio Solution File, Format Version 12.00
# Visual Studio Version 17
VisualStudioVersion = 17.9.34714.143
MinimumVisualStudioVersion = 10.0.40219.1
Project("{9A19103F-16F7-4668-BE54-9A1E7A4F7556}") = "CinemaWorldDataSync", "CinemaWorldDataSync\CinemaWorldDataSync.csproj", "{CAB7AFD5-FFAA-4B51-B411-5A20E7B2E106}"
EndProject
Project("{2150E333-8FDC-42A3-9474-1A3956D46DE8}") = "Solution Items", "Solution Items", "{A9B89D45-9DF8-4C67-911B-BBBE746D2306}"
	ProjectSection(SolutionItems) = preProject
		CinemaWorldDataSync\.env = CinemaWorldDataSync\.env
		.env = .env
		docker-compose.yaml = docker-compose.yaml
		NuGet.Config = NuGet.Config
	EndProjectSection
EndProject
Project("{9A19103F-16F7-4668-BE54-9A1E7A4F7556}") = "RedisLibrary", "RedisLibrary\RedisLibrary.csproj", "{A8334C00-6B80-457C-A803-425052FB10F1}"
EndProject
Project("{9A19103F-16F7-4668-BE54-9A1E7A4F7556}") = "RedisLibrary.Test", "RedisLibrary.Test\RedisLibrary.Test.csproj", "{F98D59DE-DB46-4B4B-B6FA-D6D329164BAA}"
EndProject
Project("{9A19103F-16F7-4668-BE54-9A1E7A4F7556}") = "Webjet-Movies-Backend", "Webjet-Movies-Backend\Webjet-Movies-Backend.csproj", "{71471269-1701-4C7A-8671-14B30EDB6ACD}"
EndProject
Project("{FAE04EC0-301F-11D3-BF4B-00C04F79EFBC}") = "CinemaWorldDataSync.Test", "CinemaWorldDataSync.Test\CinemaWorldDataSync.Test.csproj", "{F67BCCE1-F94D-4957-BA71-DFA187A4420D}"
EndProject
Project("{9A19103F-16F7-4668-BE54-9A1E7A4F7556}") = "FilmWorldDataSync", "FilmWorldDataSync\FilmWorldDataSync.csproj", "{2EB59E4E-CA33-42AC-979B-20F7CD645C3E}"
EndProject
Global
	GlobalSection(SolutionConfigurationPlatforms) = preSolution
		Debug|Any CPU = Debug|Any CPU
		Release|Any CPU = Release|Any CPU
	EndGlobalSection
	GlobalSection(ProjectConfigurationPlatforms) = postSolution
		{CAB7AFD5-FFAA-4B51-B411-5A20E7B2E106}.Debug|Any CPU.ActiveCfg = Debug|Any CPU
		{CAB7AFD5-FFAA-4B51-B411-5A20E7B2E106}.Debug|Any CPU.Build.0 = Debug|Any CPU
		{CAB7AFD5-FFAA-4B51-B411-5A20E7B2E106}.Release|Any CPU.ActiveCfg = Release|Any CPU
		{CAB7AFD5-FFAA-4B51-B411-5A20E7B2E106}.Release|Any CPU.Build.0 = Release|Any CPU
		{A8334C00-6B80-457C-A803-425052FB10F1}.Debug|Any CPU.ActiveCfg = Debug|Any CPU
		{A8334C00-6B80-457C-A803-425052FB10F1}.Debug|Any CPU.Build.0 = Debug|Any CPU
		{A8334C00-6B80-457C-A803-425052FB10F1}.Release|Any CPU.ActiveCfg = Release|Any CPU
		{A8334C00-6B80-457C-A803-425052FB10F1}.Release|Any CPU.Build.0 = Release|Any CPU
		{F98D59DE-DB46-4B4B-B6FA-D6D329164BAA}.Debug|Any CPU.ActiveCfg = Debug|Any CPU
		{F98D59DE-DB46-4B4B-B6FA-D6D329164BAA}.Debug|Any CPU.Build.0 = Debug|Any CPU
		{F98D59DE-DB46-4B4B-B6FA-D6D329164BAA}.Release|Any CPU.ActiveCfg = Release|Any CPU
		{F98D59DE-DB46-4B4B-B6FA-D6D329164BAA}.Release|Any CPU.Build.0 = Release|Any CPU
		{71471269-1701-4C7A-8671-14B30EDB6ACD}.Debug|Any CPU.ActiveCfg = Debug|Any CPU
		{71471269-1701-4C7A-8671-14B30EDB6ACD}.Debug|Any CPU.Build.0 = Debug|Any CPU
		{71471269-1701-4C7A-8671-14B30EDB6ACD}.Release|Any CPU.ActiveCfg = Release|Any CPU
		{71471269-1701-4C7A-8671-14B30EDB6ACD}.Release|Any CPU.Build.0 = Release|Any CPU
		{F67BCCE1-F94D-4957-BA71-DFA187A4420D}.Debug|Any CPU.ActiveCfg = Debug|Any CPU
		{F67BCCE1-F94D-4957-BA71-DFA187A4420D}.Debug|Any CPU.Build.0 = Debug|Any CPU
		{F67BCCE1-F94D-4957-BA71-DFA187A4420D}.Release|Any CPU.ActiveCfg = Release|Any CPU
		{F67BCCE1-F94D-4957-BA71-DFA187A4420D}.Release|Any CPU.Build.0 = Release|Any CPU
		{2EB59E4E-CA33-42AC-979B-20F7CD645C3E}.Debug|Any CPU.ActiveCfg = Debug|Any CPU
		{2EB59E4E-CA33-42AC-979B-20F7CD645C3E}.Debug|Any CPU.Build.0 = Debug|Any CPU
		{2EB59E4E-CA33-42AC-979B-20F7CD645C3E}.Release|Any CPU.ActiveCfg = Release|Any CPU
		{2EB59E4E-CA33-42AC-979B-20F7CD645C3E}.Release|Any CPU.Build.0 = Release|Any CPU
	EndGlobalSection
	GlobalSection(SolutionProperties) = preSolution
		HideSolutionNode = FALSE
	EndGlobalSection
	GlobalSection(ExtensibilityGlobals) = postSolution
		SolutionGuid = {F0D945F7-6CCB-4BC7-AE96-D8C1A82281F6}
	EndGlobalSection
EndGlobal
